
Microsoft Visual Studio Solution File, Format Version 12.00
# Visual Studio Version 17
VisualStudioVersion = 17.14.36202.13 d17.14
MinimumVisualStudioVersion = 10.0.40219.1
Project("{FAE04EC0-301F-11D3-BF4B-00C04F79EFBC}") = "シフト表　野中 隆斗", "シフト表　野中 隆斗\シフト表　野中 隆斗.csproj", "{AD966075-92AB-4BB0-A98A-58C2B9889984}"
EndProject
Global
	GlobalSection(SolutionConfigurationPlatforms) = preSolution
		Debug|Any CPU = Debug|Any CPU
		Release|Any CPU = Release|Any CPU
	EndGlobalSection
	GlobalSection(ProjectConfigurationPlatforms) = postSolution
		{AD966075-92AB-4BB0-A98A-58C2B9889984}.Debug|Any CPU.ActiveCfg = Debug|Any CPU
		{AD966075-92AB-4BB0-A98A-58C2B9889984}.Debug|Any CPU.Build.0 = Debug|Any CPU
		{AD966075-92AB-4BB0-A98A-58C2B9889984}.Release|Any CPU.ActiveCfg = Release|Any CPU
		{AD966075-92AB-4BB0-A98A-58C2B9889984}.Release|Any CPU.Build.0 = Release|Any CPU
	EndGlobalSection
	GlobalSection(SolutionProperties) = preSolution
		HideSolutionNode = FALSE
	EndGlobalSection
	GlobalSection(ExtensibilityGlobals) = postSolution
		SolutionGuid = {C550FC36-382D-4F8F-B906-E67329366639}
	EndGlobalSection
EndGlobal
